
Microsoft Visual Studio Solution File, Format Version 12.00
# Visual Studio Version 16
VisualStudioVersion = 16.0.29519.87
MinimumVisualStudioVersion = 10.0.40219.1
Project("{FAE04EC0-301F-11D3-BF4B-00C04F79EFBC}") = "SecretaryST", "SecretaryST\SecretaryST.csproj", "{E1E7DAE3-C0A8-446A-AC5A-FD9FD5A988B0}"
EndProject
Global
	GlobalSection(SolutionConfigurationPlatforms) = preSolution
		Debug|Any CPU = Debug|Any CPU
		Release|Any CPU = Release|Any CPU
	EndGlobalSection
	GlobalSection(ProjectConfigurationPlatforms) = postSolution
		{E1E7DAE3-C0A8-446A-AC5A-FD9FD5A988B0}.Debug|Any CPU.ActiveCfg = Debug|Any CPU
		{E1E7DAE3-C0A8-446A-AC5A-FD9FD5A988B0}.Debug|Any CPU.Build.0 = Debug|Any CPU
		{E1E7DAE3-C0A8-446A-AC5A-FD9FD5A988B0}.Release|Any CPU.ActiveCfg = Release|Any CPU
		{E1E7DAE3-C0A8-446A-AC5A-FD9FD5A988B0}.Release|Any CPU.Build.0 = Release|Any CPU
	EndGlobalSection
	GlobalSection(SolutionProperties) = preSolution
		HideSolutionNode = FALSE
	EndGlobalSection
	GlobalSection(ExtensibilityGlobals) = postSolution
		SolutionGuid = {DF970DA4-E4C4-4ACA-8226-F00E6504F06F}
	EndGlobalSection
EndGlobal
